
Microsoft Visual Studio Solution File, Format Version 12.00
# Visual Studio Version 17
VisualStudioVersion = 17.11.35327.3
MinimumVisualStudioVersion = 10.0.40219.1
Project("{FAE04EC0-301F-11D3-BF4B-00C04F79EFBC}") = "Delegates", "Delegates\Delegates.csproj", "{EC55EB4B-B296-4A92-93D2-47375F5C77BC}"
EndProject
Project("{FAE04EC0-301F-11D3-BF4B-00C04F79EFBC}") = "Colculate", "Colculate\Colculate.csproj", "{83F03168-BC3C-4894-81B5-5D3D31285867}"
EndProject
Global
	GlobalSection(SolutionConfigurationPlatforms) = preSolution
		Debug|Any CPU = Debug|Any CPU
		Release|Any CPU = Release|Any CPU
	EndGlobalSection
	GlobalSection(ProjectConfigurationPlatforms) = postSolution
		{EC55EB4B-B296-4A92-93D2-47375F5C77BC}.Debug|Any CPU.ActiveCfg = Debug|Any CPU
		{EC55EB4B-B296-4A92-93D2-47375F5C77BC}.Debug|Any CPU.Build.0 = Debug|Any CPU
		{EC55EB4B-B296-4A92-93D2-47375F5C77BC}.Release|Any CPU.ActiveCfg = Release|Any CPU
		{EC55EB4B-B296-4A92-93D2-47375F5C77BC}.Release|Any CPU.Build.0 = Release|Any CPU
		{83F03168-BC3C-4894-81B5-5D3D31285867}.Debug|Any CPU.ActiveCfg = Debug|Any CPU
		{83F03168-BC3C-4894-81B5-5D3D31285867}.Debug|Any CPU.Build.0 = Debug|Any CPU
		{83F03168-BC3C-4894-81B5-5D3D31285867}.Release|Any CPU.ActiveCfg = Release|Any CPU
		{83F03168-BC3C-4894-81B5-5D3D31285867}.Release|Any CPU.Build.0 = Release|Any CPU
	EndGlobalSection
	GlobalSection(SolutionProperties) = preSolution
		HideSolutionNode = FALSE
	EndGlobalSection
	GlobalSection(ExtensibilityGlobals) = postSolution
		SolutionGuid = {A3560905-A90D-477E-A647-3011366D38B1}
	EndGlobalSection
EndGlobal
