
Microsoft Visual Studio Solution File, Format Version 12.00
# Visual Studio Version 17
VisualStudioVersion = 17.11.35327.3
MinimumVisualStudioVersion = 10.0.40219.1
Project("{FAE04EC0-301F-11D3-BF4B-00C04F79EFBC}") = "WokingWithLinq", "WokingWithLinq\WokingWithLinq.csproj", "{FEF19032-F650-4847-995D-197B0E0A1DF7}"
EndProject
Global
	GlobalSection(SolutionConfigurationPlatforms) = preSolution
		Debug|Any CPU = Debug|Any CPU
		Release|Any CPU = Release|Any CPU
	EndGlobalSection
	GlobalSection(ProjectConfigurationPlatforms) = postSolution
		{FEF19032-F650-4847-995D-197B0E0A1DF7}.Debug|Any CPU.ActiveCfg = Debug|Any CPU
		{FEF19032-F650-4847-995D-197B0E0A1DF7}.Debug|Any CPU.Build.0 = Debug|Any CPU
		{FEF19032-F650-4847-995D-197B0E0A1DF7}.Release|Any CPU.ActiveCfg = Release|Any CPU
		{FEF19032-F650-4847-995D-197B0E0A1DF7}.Release|Any CPU.Build.0 = Release|Any CPU
	EndGlobalSection
	GlobalSection(SolutionProperties) = preSolution
		HideSolutionNode = FALSE
	EndGlobalSection
	GlobalSection(ExtensibilityGlobals) = postSolution
		SolutionGuid = {BE737565-ADD1-4457-9C95-B461F3F46CFE}
	EndGlobalSection
EndGlobal
